
Microsoft Visual Studio Solution File, Format Version 12.00
# Visual Studio Version 17
VisualStudioVersion = 17.7.34024.191
MinimumVisualStudioVersion = 10.0.40219.1
Project("{13B669BE-BB05-4DDF-9536-439F39A36129}") = "laravel-first-project", "laravel-first-project.phpproj", "{69072E22-BD68-4B43-8F39-CEF9C499BBEA}"
EndProject
Global
	GlobalSection(SolutionConfigurationPlatforms) = preSolution
		Debug|Any CPU = Debug|Any CPU
		Release|Any CPU = Release|Any CPU
	EndGlobalSection
	GlobalSection(ProjectConfigurationPlatforms) = postSolution
		{69072E22-BD68-4B43-8F39-CEF9C499BBEA}.Debug|Any CPU.ActiveCfg = Debug|Any CPU
		{69072E22-BD68-4B43-8F39-CEF9C499BBEA}.Debug|Any CPU.Build.0 = Debug|Any CPU
		{69072E22-BD68-4B43-8F39-CEF9C499BBEA}.Release|Any CPU.ActiveCfg = Release|Any CPU
		{69072E22-BD68-4B43-8F39-CEF9C499BBEA}.Release|Any CPU.Build.0 = Release|Any CPU
	EndGlobalSection
	GlobalSection(SolutionProperties) = preSolution
		HideSolutionNode = FALSE
	EndGlobalSection
	GlobalSection(ExtensibilityGlobals) = postSolution
		SolutionGuid = {D331BDAE-98CE-44E9-991A-4820A3F36A9F}
	EndGlobalSection
EndGlobal
