
Microsoft Visual Studio Solution File, Format Version 12.00
# Visual Studio Version 17
VisualStudioVersion = 17.7.34024.191
MinimumVisualStudioVersion = 10.0.40219.1
Project("{13B669BE-BB05-4DDF-9536-439F39A36129}") = "undergroundwebsite", "undergroundwebsite.phpproj", "{B438AE0E-B3BA-43AC-8824-7C539A5BC7C4}"
EndProject
Global
	GlobalSection(SolutionConfigurationPlatforms) = preSolution
		Debug|Any CPU = Debug|Any CPU
		Release|Any CPU = Release|Any CPU
	EndGlobalSection
	GlobalSection(ProjectConfigurationPlatforms) = postSolution
		{B438AE0E-B3BA-43AC-8824-7C539A5BC7C4}.Debug|Any CPU.ActiveCfg = Debug|Any CPU
		{B438AE0E-B3BA-43AC-8824-7C539A5BC7C4}.Debug|Any CPU.Build.0 = Debug|Any CPU
		{B438AE0E-B3BA-43AC-8824-7C539A5BC7C4}.Release|Any CPU.ActiveCfg = Release|Any CPU
		{B438AE0E-B3BA-43AC-8824-7C539A5BC7C4}.Release|Any CPU.Build.0 = Release|Any CPU
	EndGlobalSection
	GlobalSection(SolutionProperties) = preSolution
		HideSolutionNode = FALSE
	EndGlobalSection
	GlobalSection(ExtensibilityGlobals) = postSolution
		SolutionGuid = {B2E13CC9-2084-413B-8746-6CFCA926B528}
	EndGlobalSection
EndGlobal
